
Microsoft Visual Studio Solution File, Format Version 12.00
# Visual Studio Version 17
VisualStudioVersion = 17.0.31903.59
MinimumVisualStudioVersion = 10.0.40219.1
Project("{9A19103F-16F7-4668-BE54-9A1E7A4F7556}") = "SignalRChat", "SignalRChat\SignalRChat.csproj", "{F9F2E88A-9EDA-4336-9BC9-CF590FC684A5}"
EndProject
Project("{9A19103F-16F7-4668-BE54-9A1E7A4F7556}") = "ModelLibrary", "ModelLibrary\ModelLibrary.csproj", "{5807C00B-A7B3-46E7-A360-AD233338CE14}"
EndProject
Project("{9A19103F-16F7-4668-BE54-9A1E7A4F7556}") = "WebMvcSignalR", "WebMvcSignalR\WebMvcSignalR.csproj", "{213704F1-4308-4611-831F-468C8C48F46F}"
EndProject
Global
	GlobalSection(SolutionConfigurationPlatforms) = preSolution
		Debug|Any CPU = Debug|Any CPU
		Release|Any CPU = Release|Any CPU
	EndGlobalSection
	GlobalSection(ProjectConfigurationPlatforms) = postSolution
		{F9F2E88A-9EDA-4336-9BC9-CF590FC684A5}.Debug|Any CPU.ActiveCfg = Debug|Any CPU
		{F9F2E88A-9EDA-4336-9BC9-CF590FC684A5}.Debug|Any CPU.Build.0 = Debug|Any CPU
		{F9F2E88A-9EDA-4336-9BC9-CF590FC684A5}.Release|Any CPU.ActiveCfg = Release|Any CPU
		{F9F2E88A-9EDA-4336-9BC9-CF590FC684A5}.Release|Any CPU.Build.0 = Release|Any CPU
		{5807C00B-A7B3-46E7-A360-AD233338CE14}.Debug|Any CPU.ActiveCfg = Debug|Any CPU
		{5807C00B-A7B3-46E7-A360-AD233338CE14}.Debug|Any CPU.Build.0 = Debug|Any CPU
		{5807C00B-A7B3-46E7-A360-AD233338CE14}.Release|Any CPU.ActiveCfg = Release|Any CPU
		{5807C00B-A7B3-46E7-A360-AD233338CE14}.Release|Any CPU.Build.0 = Release|Any CPU
		{213704F1-4308-4611-831F-468C8C48F46F}.Debug|Any CPU.ActiveCfg = Debug|Any CPU
		{213704F1-4308-4611-831F-468C8C48F46F}.Debug|Any CPU.Build.0 = Debug|Any CPU
		{213704F1-4308-4611-831F-468C8C48F46F}.Release|Any CPU.ActiveCfg = Release|Any CPU
		{213704F1-4308-4611-831F-468C8C48F46F}.Release|Any CPU.Build.0 = Release|Any CPU
	EndGlobalSection
	GlobalSection(SolutionProperties) = preSolution
		HideSolutionNode = FALSE
	EndGlobalSection
	GlobalSection(ExtensibilityGlobals) = postSolution
		SolutionGuid = {C4F2A136-4ACA-43F3-A6F7-89E7074FD1EF}
	EndGlobalSection
EndGlobal
